
Microsoft Visual Studio Solution File, Format Version 12.00
# Visual Studio Version 16
VisualStudioVersion = 16.0.32228.343
MinimumVisualStudioVersion = 10.0.40219.1
Project("{FAE04EC0-301F-11D3-BF4B-00C04F79EFBC}") = "CharisGrantsExercise", "CharisGrantsExercise\CharisGrantsExercise.csproj", "{9725D7CE-2C4C-49A8-8B4B-15DBA184F473}"
EndProject
Project("{FAE04EC0-301F-11D3-BF4B-00C04F79EFBC}") = "FizzBuzzProcessor", "FizzBuzzProcessor\FizzBuzzProcessor.csproj", "{95C15F8A-CD40-47F5-A24C-68B347BF8E60}"
EndProject
Project("{FAE04EC0-301F-11D3-BF4B-00C04F79EFBC}") = "TestFizzBuzzProc", "TestFizzBuzzProc\TestFizzBuzzProc.csproj", "{FB8A8328-42F2-4C20-963B-D18540A64B18}"
EndProject
Global
	GlobalSection(SolutionConfigurationPlatforms) = preSolution
		Debug|Any CPU = Debug|Any CPU
		Release|Any CPU = Release|Any CPU
	EndGlobalSection
	GlobalSection(ProjectConfigurationPlatforms) = postSolution
		{9725D7CE-2C4C-49A8-8B4B-15DBA184F473}.Debug|Any CPU.ActiveCfg = Debug|Any CPU
		{9725D7CE-2C4C-49A8-8B4B-15DBA184F473}.Debug|Any CPU.Build.0 = Debug|Any CPU
		{9725D7CE-2C4C-49A8-8B4B-15DBA184F473}.Release|Any CPU.ActiveCfg = Release|Any CPU
		{9725D7CE-2C4C-49A8-8B4B-15DBA184F473}.Release|Any CPU.Build.0 = Release|Any CPU
		{95C15F8A-CD40-47F5-A24C-68B347BF8E60}.Debug|Any CPU.ActiveCfg = Debug|Any CPU
		{95C15F8A-CD40-47F5-A24C-68B347BF8E60}.Debug|Any CPU.Build.0 = Debug|Any CPU
		{95C15F8A-CD40-47F5-A24C-68B347BF8E60}.Release|Any CPU.ActiveCfg = Release|Any CPU
		{95C15F8A-CD40-47F5-A24C-68B347BF8E60}.Release|Any CPU.Build.0 = Release|Any CPU
		{FB8A8328-42F2-4C20-963B-D18540A64B18}.Debug|Any CPU.ActiveCfg = Debug|Any CPU
		{FB8A8328-42F2-4C20-963B-D18540A64B18}.Debug|Any CPU.Build.0 = Debug|Any CPU
		{FB8A8328-42F2-4C20-963B-D18540A64B18}.Release|Any CPU.ActiveCfg = Release|Any CPU
		{FB8A8328-42F2-4C20-963B-D18540A64B18}.Release|Any CPU.Build.0 = Release|Any CPU
	EndGlobalSection
	GlobalSection(SolutionProperties) = preSolution
		HideSolutionNode = FALSE
	EndGlobalSection
	GlobalSection(ExtensibilityGlobals) = postSolution
		SolutionGuid = {5DC13AAE-2916-41B1-9103-3B8F3CC30B24}
	EndGlobalSection
EndGlobal
